// !$*UTF8*$!
{
	archiveVersion = 1;
	classes = {
	};
	objectVersion = 46;
	objects = {

/* Begin PBXBuildFile section */
		56180FB71D0E68E800FE8FFF /* GraphViewController.swift in Sources */ = {isa = PBXBuildFile; fileRef = 56180FB61D0E68E800FE8FFF /* GraphViewController.swift */; };
		56180FBC1D0E6B4B00FE8FFF /* InformationViewController.swift in Sources */ = {isa = PBXBuildFile; fileRef = 56180FBB1D0E6B4B00FE8FFF /* InformationViewController.swift */; };
		565507B91D0BDFCF0054FB95 /* DecryptViewController.swift in Sources */ = {isa = PBXBuildFile; fileRef = 565507B81D0BDFCF0054FB95 /* DecryptViewController.swift */; };
		565507BB1D0BE8C50054FB95 /* MonoDecryptionViewContoller.swift in Sources */ = {isa = PBXBuildFile; fileRef = 565507BA1D0BE8C50054FB95 /* MonoDecryptionViewContoller.swift */; };
		565507BD1D0BE8E20054FB95 /* PolyDecryptionViewController.swift in Sources */ = {isa = PBXBuildFile; fileRef = 565507BC1D0BE8E20054FB95 /* PolyDecryptionViewController.swift */; };
		565507BF1D0BECD00054FB95 /* MonoDecryptionModel.swift in Sources */ = {isa = PBXBuildFile; fileRef = 565507BE1D0BECD00054FB95 /* MonoDecryptionModel.swift */; };
		565507C11D0BECE40054FB95 /* PolyDecryptionModel.swift in Sources */ = {isa = PBXBuildFile; fileRef = 565507C01D0BECE40054FB95 /* PolyDecryptionModel.swift */; };
		5679F51F1D0FD1E900B88094 /* Charts in Resources */ = {isa = PBXBuildFile; fileRef = 5679F51E1D0FD1E900B88094 /* Charts */; };
		5688630F1D23D043006F0E5B /* Charts.framework in Frameworks */ = {isa = PBXBuildFile; fileRef = 561F08E61D0C652900B9A155 /* Charts.framework */; };
		568863101D23D043006F0E5B /* Charts.framework in Embed Frameworks */ = {isa = PBXBuildFile; fileRef = 561F08E61D0C652900B9A155 /* Charts.framework */; settings = {ATTRIBUTES = (CodeSignOnCopy, RemoveHeadersOnCopy, ); }; };
		56E22FBE1D0D2AED00E16DF8 /* StasticalModel.swift in Sources */ = {isa = PBXBuildFile; fileRef = 56E22FBD1D0D2AED00E16DF8 /* StasticalModel.swift */; };
		56F2F2841CE2FA54007A4C7B /* AppDelegate.swift in Sources */ = {isa = PBXBuildFile; fileRef = 56F2F2831CE2FA54007A4C7B /* AppDelegate.swift */; };
		56F2F2861CE2FA54007A4C7B /* InputViewController.swift in Sources */ = {isa = PBXBuildFile; fileRef = 56F2F2851CE2FA54007A4C7B /* InputViewController.swift */; };
		56F2F2881CE2FA54007A4C7B /* StatisticalViewController.swift in Sources */ = {isa = PBXBuildFile; fileRef = 56F2F2871CE2FA54007A4C7B /* StatisticalViewController.swift */; };
		56F2F28B1CE2FA54007A4C7B /* Main.storyboard in Resources */ = {isa = PBXBuildFile; fileRef = 56F2F2891CE2FA54007A4C7B /* Main.storyboard */; };
		56F2F28D1CE2FA54007A4C7B /* Assets.xcassets in Resources */ = {isa = PBXBuildFile; fileRef = 56F2F28C1CE2FA54007A4C7B /* Assets.xcassets */; };
		56F2F2901CE2FA54007A4C7B /* LaunchScreen.storyboard in Resources */ = {isa = PBXBuildFile; fileRef = 56F2F28E1CE2FA54007A4C7B /* LaunchScreen.storyboard */; };
		56F2F29B1CE2FA54007A4C7B /* CryptanalysisTests.swift in Sources */ = {isa = PBXBuildFile; fileRef = 56F2F29A1CE2FA54007A4C7B /* CryptanalysisTests.swift */; };
		56F2F2A61CE2FA54007A4C7B /* CryptanalysisUITests.swift in Sources */ = {isa = PBXBuildFile; fileRef = 56F2F2A51CE2FA54007A4C7B /* CryptanalysisUITests.swift */; };
		56F2F2B41CE32269007A4C7B /* ResultViewController.swift in Sources */ = {isa = PBXBuildFile; fileRef = 56F2F2B31CE32269007A4C7B /* ResultViewController.swift */; };
		8F01D9121D48BD1800294942 /* TranpositionDecryptionModel.swift in Sources */ = {isa = PBXBuildFile; fileRef = 8F01D9111D48BD1800294942 /* TranpositionDecryptionModel.swift */; };
		8F01D9181D48BD2600294942 /* ShiftDecryptionModel.swift in Sources */ = {isa = PBXBuildFile; fileRef = 8F01D9171D48BD2600294942 /* ShiftDecryptionModel.swift */; };
		8F01D91A1D48BD5C00294942 /* PlayfairDecryptionModel.swift in Sources */ = {isa = PBXBuildFile; fileRef = 8F01D9191D48BD5C00294942 /* PlayfairDecryptionModel.swift */; };
		8F631A901D489FFC00BE82DB /* QuizModel.swift in Sources */ = {isa = PBXBuildFile; fileRef = 8F631A8F1D489FFC00BE82DB /* QuizModel.swift */; };
		8F631A961D48A68A00BE82DB /* AffineDecryptionModel.swift in Sources */ = {isa = PBXBuildFile; fileRef = 8F631A951D48A68A00BE82DB /* AffineDecryptionModel.swift */; };
/* End PBXBuildFile section */

/* Begin PBXContainerItemProxy section */
		561F08E51D0C652900B9A155 /* PBXContainerItemProxy */ = {
			isa = PBXContainerItemProxy;
			containerPortal = 561F08DE1D0C652900B9A155 /* Charts.xcodeproj */;
			proxyType = 2;
			remoteGlobalIDString = 5BA8EC401A9D14DC00CE82E1;
			remoteInfo = "Charts-iOS";
		};
		561F08E71D0C652900B9A155 /* PBXContainerItemProxy */ = {
			isa = PBXContainerItemProxy;
			containerPortal = 561F08DE1D0C652900B9A155 /* Charts.xcodeproj */;
			proxyType = 2;
			remoteGlobalIDString = A52C5C371BAC5CA400594CDD;
			remoteInfo = "Charts-TV";
		};
		561F08E91D0C652900B9A155 /* PBXContainerItemProxy */ = {
			isa = PBXContainerItemProxy;
			containerPortal = 561F08DE1D0C652900B9A155 /* Charts.xcodeproj */;
			proxyType = 2;
			remoteGlobalIDString = 65B3F5BF1C7370BE000983D0;
			remoteInfo = "Charts-OSX";
		};
		561F08EB1D0C652900B9A155 /* PBXContainerItemProxy */ = {
			isa = PBXContainerItemProxy;
			containerPortal = 561F08DE1D0C652900B9A155 /* Charts.xcodeproj */;
			proxyType = 2;
			remoteGlobalIDString = 06AEE7A21BDC3F8B009875AE;
			remoteInfo = ChartsTests;
		};
		568863071D23D035006F0E5B /* PBXContainerItemProxy */ = {
			isa = PBXContainerItemProxy;
			containerPortal = 568862FD1D23D034006F0E5B /* Charts.xcodeproj */;
			proxyType = 2;
			remoteGlobalIDString = 5BA8EC401A9D14DC00CE82E1;
			remoteInfo = "Charts-iOS";
		};
		568863091D23D035006F0E5B /* PBXContainerItemProxy */ = {
			isa = PBXContainerItemProxy;
			containerPortal = 568862FD1D23D034006F0E5B /* Charts.xcodeproj */;
			proxyType = 2;
			remoteGlobalIDString = A52C5C371BAC5CA400594CDD;
			remoteInfo = "Charts-TV";
		};
		5688630B1D23D035006F0E5B /* PBXContainerItemProxy */ = {
			isa = PBXContainerItemProxy;
			containerPortal = 568862FD1D23D034006F0E5B /* Charts.xcodeproj */;
			proxyType = 2;
			remoteGlobalIDString = 65B3F5BF1C7370BE000983D0;
			remoteInfo = "Charts-OSX";
		};
		5688630D1D23D035006F0E5B /* PBXContainerItemProxy */ = {
			isa = PBXContainerItemProxy;
			containerPortal = 568862FD1D23D034006F0E5B /* Charts.xcodeproj */;
			proxyType = 2;
			remoteGlobalIDString = 06AEE7A21BDC3F8B009875AE;
			remoteInfo = ChartsTests;
		};
		568863111D23D043006F0E5B /* PBXContainerItemProxy */ = {
			isa = PBXContainerItemProxy;
			containerPortal = 561F08DE1D0C652900B9A155 /* Charts.xcodeproj */;
			proxyType = 1;
			remoteGlobalIDString = 5BA8EC3F1A9D14DC00CE82E1;
			remoteInfo = "Charts-iOS";
		};
		56F2F2971CE2FA54007A4C7B /* PBXContainerItemProxy */ = {
			isa = PBXContainerItemProxy;
			containerPortal = 56F2F2781CE2FA54007A4C7B /* Project object */;
			proxyType = 1;
			remoteGlobalIDString = 56F2F27F1CE2FA54007A4C7B;
			remoteInfo = Cryptanalysis;
		};
		56F2F2A21CE2FA54007A4C7B /* PBXContainerItemProxy */ = {
			isa = PBXContainerItemProxy;
			containerPortal = 56F2F2781CE2FA54007A4C7B /* Project object */;
			proxyType = 1;
			remoteGlobalIDString = 56F2F27F1CE2FA54007A4C7B;
			remoteInfo = Cryptanalysis;
		};
/* End PBXContainerItemProxy section */

/* Begin PBXCopyFilesBuildPhase section */
		568863131D23D043006F0E5B /* Embed Frameworks */ = {
			isa = PBXCopyFilesBuildPhase;
			buildActionMask = 2147483647;
			dstPath = "";
			dstSubfolderSpec = 10;
			files = (
				568863101D23D043006F0E5B /* Charts.framework in Embed Frameworks */,
			);
			name = "Embed Frameworks";
			runOnlyForDeploymentPostprocessing = 0;
		};
/* End PBXCopyFilesBuildPhase section */

/* Begin PBXFileReference section */
		56180FB61D0E68E800FE8FFF /* GraphViewController.swift */ = {isa = PBXFileReference; fileEncoding = 4; lastKnownFileType = sourcecode.swift; path = GraphViewController.swift; sourceTree = "<group>"; };
		56180FBB1D0E6B4B00FE8FFF /* InformationViewController.swift */ = {isa = PBXFileReference; fileEncoding = 4; lastKnownFileType = sourcecode.swift; path = InformationViewController.swift; sourceTree = "<group>"; };
		561F08DE1D0C652900B9A155 /* Charts.xcodeproj */ = {isa = PBXFileReference; lastKnownFileType = "wrapper.pb-project"; name = Charts.xcodeproj; path = "../../../Downloads/Charts-master/Charts/Charts.xcodeproj"; sourceTree = "<group>"; };
		565507B81D0BDFCF0054FB95 /* DecryptViewController.swift */ = {isa = PBXFileReference; fileEncoding = 4; lastKnownFileType = sourcecode.swift; path = DecryptViewController.swift; sourceTree = "<group>"; };
		565507BA1D0BE8C50054FB95 /* MonoDecryptionViewContoller.swift */ = {isa = PBXFileReference; fileEncoding = 4; lastKnownFileType = sourcecode.swift; path = MonoDecryptionViewContoller.swift; sourceTree = "<group>"; };
		565507BC1D0BE8E20054FB95 /* PolyDecryptionViewController.swift */ = {isa = PBXFileReference; fileEncoding = 4; lastKnownFileType = sourcecode.swift; path = PolyDecryptionViewController.swift; sourceTree = "<group>"; };
		565507BE1D0BECD00054FB95 /* MonoDecryptionModel.swift */ = {isa = PBXFileReference; fileEncoding = 4; lastKnownFileType = sourcecode.swift; path = MonoDecryptionModel.swift; sourceTree = "<group>"; };
		565507C01D0BECE40054FB95 /* PolyDecryptionModel.swift */ = {isa = PBXFileReference; fileEncoding = 4; lastKnownFileType = sourcecode.swift; path = PolyDecryptionModel.swift; sourceTree = "<group>"; };
		5679F51E1D0FD1E900B88094 /* Charts */ = {isa = PBXFileReference; lastKnownFileType = folder; path = Charts; sourceTree = "<group>"; };
		568862FD1D23D034006F0E5B /* Charts.xcodeproj */ = {isa = PBXFileReference; lastKnownFileType = "wrapper.pb-project"; name = Charts.xcodeproj; path = Charts/Charts.xcodeproj; sourceTree = "<group>"; };
		56E22FBD1D0D2AED00E16DF8 /* StasticalModel.swift */ = {isa = PBXFileReference; fileEncoding = 4; lastKnownFileType = sourcecode.swift; path = StasticalModel.swift; sourceTree = "<group>"; };
		56F2F2801CE2FA54007A4C7B /* Cryptanalysis.app */ = {isa = PBXFileReference; explicitFileType = wrapper.application; includeInIndex = 0; path = Cryptanalysis.app; sourceTree = BUILT_PRODUCTS_DIR; };
		56F2F2831CE2FA54007A4C7B /* AppDelegate.swift */ = {isa = PBXFileReference; lastKnownFileType = sourcecode.swift; path = AppDelegate.swift; sourceTree = "<group>"; };
		56F2F2851CE2FA54007A4C7B /* InputViewController.swift */ = {isa = PBXFileReference; lastKnownFileType = sourcecode.swift; path = InputViewController.swift; sourceTree = "<group>"; };
		56F2F2871CE2FA54007A4C7B /* StatisticalViewController.swift */ = {isa = PBXFileReference; lastKnownFileType = sourcecode.swift; path = StatisticalViewController.swift; sourceTree = "<group>"; };
		56F2F28A1CE2FA54007A4C7B /* Base */ = {isa = PBXFileReference; lastKnownFileType = file.storyboard; name = Base; path = Base.lproj/Main.storyboard; sourceTree = "<group>"; };
		56F2F28C1CE2FA54007A4C7B /* Assets.xcassets */ = {isa = PBXFileReference; lastKnownFileType = folder.assetcatalog; path = Assets.xcassets; sourceTree = "<group>"; };
		56F2F28F1CE2FA54007A4C7B /* Base */ = {isa = PBXFileReference; lastKnownFileType = file.storyboard; name = Base; path = Base.lproj/LaunchScreen.storyboard; sourceTree = "<group>"; };
		56F2F2911CE2FA54007A4C7B /* Info.plist */ = {isa = PBXFileReference; lastKnownFileType = text.plist.xml; path = Info.plist; sourceTree = "<group>"; };
		56F2F2961CE2FA54007A4C7B /* CryptanalysisTests.xctest */ = {isa = PBXFileReference; explicitFileType = wrapper.cfbundle; includeInIndex = 0; path = CryptanalysisTests.xctest; sourceTree = BUILT_PRODUCTS_DIR; };
		56F2F29A1CE2FA54007A4C7B /* CryptanalysisTests.swift */ = {isa = PBXFileReference; lastKnownFileType = sourcecode.swift; path = CryptanalysisTests.swift; sourceTree = "<group>"; };
		56F2F29C1CE2FA54007A4C7B /* Info.plist */ = {isa = PBXFileReference; lastKnownFileType = text.plist.xml; path = Info.plist; sourceTree = "<group>"; };
		56F2F2A11CE2FA54007A4C7B /* CryptanalysisUITests.xctest */ = {isa = PBXFileReference; explicitFileType = wrapper.cfbundle; includeInIndex = 0; path = CryptanalysisUITests.xctest; sourceTree = BUILT_PRODUCTS_DIR; };
		56F2F2A51CE2FA54007A4C7B /* CryptanalysisUITests.swift */ = {isa = PBXFileReference; lastKnownFileType = sourcecode.swift; path = CryptanalysisUITests.swift; sourceTree = "<group>"; };
		56F2F2A71CE2FA54007A4C7B /* Info.plist */ = {isa = PBXFileReference; lastKnownFileType = text.plist.xml; path = Info.plist; sourceTree = "<group>"; };
		56F2F2B31CE32269007A4C7B /* ResultViewController.swift */ = {isa = PBXFileReference; fileEncoding = 4; lastKnownFileType = sourcecode.swift; path = ResultViewController.swift; sourceTree = "<group>"; };
		8F01D9111D48BD1800294942 /* TranpositionDecryptionModel.swift */ = {isa = PBXFileReference; fileEncoding = 4; lastKnownFileType = sourcecode.swift; path = TranpositionDecryptionModel.swift; sourceTree = "<group>"; };
		8F01D9171D48BD2600294942 /* ShiftDecryptionModel.swift */ = {isa = PBXFileReference; fileEncoding = 4; lastKnownFileType = sourcecode.swift; path = ShiftDecryptionModel.swift; sourceTree = "<group>"; };
		8F01D9191D48BD5C00294942 /* PlayfairDecryptionModel.swift */ = {isa = PBXFileReference; fileEncoding = 4; lastKnownFileType = sourcecode.swift; path = PlayfairDecryptionModel.swift; sourceTree = "<group>"; };
		8F631A8F1D489FFC00BE82DB /* QuizModel.swift */ = {isa = PBXFileReference; fileEncoding = 4; lastKnownFileType = sourcecode.swift; path = QuizModel.swift; sourceTree = "<group>"; };
		8F631A951D48A68A00BE82DB /* AffineDecryptionModel.swift */ = {isa = PBXFileReference; fileEncoding = 4; lastKnownFileType = sourcecode.swift; path = AffineDecryptionModel.swift; sourceTree = "<group>"; };
/* End PBXFileReference section */

/* Begin PBXFrameworksBuildPhase section */
		56F2F27D1CE2FA54007A4C7B /* Frameworks */ = {
			isa = PBXFrameworksBuildPhase;
			buildActionMask = 2147483647;
			files = (
				5688630F1D23D043006F0E5B /* Charts.framework in Frameworks */,
			);
			runOnlyForDeploymentPostprocessing = 0;
		};
		56F2F2931CE2FA54007A4C7B /* Frameworks */ = {
			isa = PBXFrameworksBuildPhase;
			buildActionMask = 2147483647;
			files = (
			);
			runOnlyForDeploymentPostprocessing = 0;
		};
		56F2F29E1CE2FA54007A4C7B /* Frameworks */ = {
			isa = PBXFrameworksBuildPhase;
			buildActionMask = 2147483647;
			files = (
			);
			runOnlyForDeploymentPostprocessing = 0;
		};
/* End PBXFrameworksBuildPhase section */

/* Begin PBXGroup section */
		561F08DF1D0C652900B9A155 /* Products */ = {
			isa = PBXGroup;
			children = (
				561F08E61D0C652900B9A155 /* Charts.framework */,
				561F08E81D0C652900B9A155 /* Charts.framework */,
				561F08EA1D0C652900B9A155 /* Charts.framework */,
				561F08EC1D0C652900B9A155 /* ChartsTests.xctest */,
			);
			name = Products;
			sourceTree = "<group>";
		};
		565507C21D0BEF8A0054FB95 /* ViewController */ = {
			isa = PBXGroup;
			children = (
				56F2F2871CE2FA54007A4C7B /* StatisticalViewController.swift */,
				56F2F2B31CE32269007A4C7B /* ResultViewController.swift */,
				565507B81D0BDFCF0054FB95 /* DecryptViewController.swift */,
				56F2F2851CE2FA54007A4C7B /* InputViewController.swift */,
				565507BC1D0BE8E20054FB95 /* PolyDecryptionViewController.swift */,
				565507BA1D0BE8C50054FB95 /* MonoDecryptionViewContoller.swift */,
				56180FB61D0E68E800FE8FFF /* GraphViewController.swift */,
				56180FBB1D0E6B4B00FE8FFF /* InformationViewController.swift */,
			);
			name = ViewController;
			sourceTree = "<group>";
		};
		565507C31D0BEFB20054FB95 /* Models */ = {
			isa = PBXGroup;
			children = (
				565507BE1D0BECD00054FB95 /* MonoDecryptionModel.swift */,
				565507C01D0BECE40054FB95 /* PolyDecryptionModel.swift */,
				56E22FBD1D0D2AED00E16DF8 /* StasticalModel.swift */,
				8F631A8F1D489FFC00BE82DB /* QuizModel.swift */,
				8F631A951D48A68A00BE82DB /* AffineDecryptionModel.swift */,
				8F01D9111D48BD1800294942 /* TranpositionDecryptionModel.swift */,
				8F01D9171D48BD2600294942 /* ShiftDecryptionModel.swift */,
				8F01D9191D48BD5C00294942 /* PlayfairDecryptionModel.swift */,
			);
			name = Models;
			sourceTree = "<group>";
		};
		568862FE1D23D034006F0E5B /* Products */ = {
			isa = PBXGroup;
			children = (
				568863081D23D035006F0E5B /* Charts.framework */,
				5688630A1D23D035006F0E5B /* Charts.framework */,
				5688630C1D23D035006F0E5B /* Charts.framework */,
				5688630E1D23D035006F0E5B /* ChartsTests.xctest */,
			);
			name = Products;
			sourceTree = "<group>";
		};
		56F2F2771CE2FA54007A4C7B = {
			isa = PBXGroup;
			children = (
				56F2F2821CE2FA54007A4C7B /* Cryptanalysis */,
				56F2F2991CE2FA54007A4C7B /* CryptanalysisTests */,
				56F2F2A41CE2FA54007A4C7B /* CryptanalysisUITests */,
				56F2F2811CE2FA54007A4C7B /* Products */,
				568862FD1D23D034006F0E5B /* Charts.xcodeproj */,
				5679F51E1D0FD1E900B88094 /* Charts */,
			);
			sourceTree = "<group>";
		};
		56F2F2811CE2FA54007A4C7B /* Products */ = {
			isa = PBXGroup;
			children = (
				56F2F2801CE2FA54007A4C7B /* Cryptanalysis.app */,
				56F2F2961CE2FA54007A4C7B /* CryptanalysisTests.xctest */,
				56F2F2A11CE2FA54007A4C7B /* CryptanalysisUITests.xctest */,
			);
			name = Products;
			sourceTree = "<group>";
		};
		56F2F2821CE2FA54007A4C7B /* Cryptanalysis */ = {
			isa = PBXGroup;
			children = (
				565507C31D0BEFB20054FB95 /* Models */,
				565507C21D0BEF8A0054FB95 /* ViewController */,
				56F2F2831CE2FA54007A4C7B /* AppDelegate.swift */,
				561F08DE1D0C652900B9A155 /* Charts.xcodeproj */,
				56F2F2891CE2FA54007A4C7B /* Main.storyboard */,
				56F2F28C1CE2FA54007A4C7B /* Assets.xcassets */,
				56F2F28E1CE2FA54007A4C7B /* LaunchScreen.storyboard */,
				56F2F2911CE2FA54007A4C7B /* Info.plist */,
			);
			path = Cryptanalysis;
			sourceTree = "<group>";
		};
		56F2F2991CE2FA54007A4C7B /* CryptanalysisTests */ = {
			isa = PBXGroup;
			children = (
				56F2F29A1CE2FA54007A4C7B /* CryptanalysisTests.swift */,
				56F2F29C1CE2FA54007A4C7B /* Info.plist */,
			);
			path = CryptanalysisTests;
			sourceTree = "<group>";
		};
		56F2F2A41CE2FA54007A4C7B /* CryptanalysisUITests */ = {
			isa = PBXGroup;
			children = (
				56F2F2A51CE2FA54007A4C7B /* CryptanalysisUITests.swift */,
				56F2F2A71CE2FA54007A4C7B /* Info.plist */,
			);
			path = CryptanalysisUITests;
			sourceTree = "<group>";
		};
/* End PBXGroup section */

/* Begin PBXNativeTarget section */
		56F2F27F1CE2FA54007A4C7B /* Cryptanalysis */ = {
			isa = PBXNativeTarget;
			buildConfigurationList = 56F2F2AA1CE2FA54007A4C7B /* Build configuration list for PBXNativeTarget "Cryptanalysis" */;
			buildPhases = (
				56F2F27C1CE2FA54007A4C7B /* Sources */,
				56F2F27D1CE2FA54007A4C7B /* Frameworks */,
				56F2F27E1CE2FA54007A4C7B /* Resources */,
				568863131D23D043006F0E5B /* Embed Frameworks */,
			);
			buildRules = (
			);
			dependencies = (
				568863121D23D043006F0E5B /* PBXTargetDependency */,
			);
			name = Cryptanalysis;
			productName = Cryptanalysis;
			productReference = 56F2F2801CE2FA54007A4C7B /* Cryptanalysis.app */;
			productType = "com.apple.product-type.application";
		};
		56F2F2951CE2FA54007A4C7B /* CryptanalysisTests */ = {
			isa = PBXNativeTarget;
			buildConfigurationList = 56F2F2AD1CE2FA54007A4C7B /* Build configuration list for PBXNativeTarget "CryptanalysisTests" */;
			buildPhases = (
				56F2F2921CE2FA54007A4C7B /* Sources */,
				56F2F2931CE2FA54007A4C7B /* Frameworks */,
				56F2F2941CE2FA54007A4C7B /* Resources */,
			);
			buildRules = (
			);
			dependencies = (
				56F2F2981CE2FA54007A4C7B /* PBXTargetDependency */,
			);
			name = CryptanalysisTests;
			productName = CryptanalysisTests;
			productReference = 56F2F2961CE2FA54007A4C7B /* CryptanalysisTests.xctest */;
			productType = "com.apple.product-type.bundle.unit-test";
		};
		56F2F2A01CE2FA54007A4C7B /* CryptanalysisUITests */ = {
			isa = PBXNativeTarget;
			buildConfigurationList = 56F2F2B01CE2FA54007A4C7B /* Build configuration list for PBXNativeTarget "CryptanalysisUITests" */;
			buildPhases = (
				56F2F29D1CE2FA54007A4C7B /* Sources */,
				56F2F29E1CE2FA54007A4C7B /* Frameworks */,
				56F2F29F1CE2FA54007A4C7B /* Resources */,
			);
			buildRules = (
			);
			dependencies = (
				56F2F2A31CE2FA54007A4C7B /* PBXTargetDependency */,
			);
			name = CryptanalysisUITests;
			productName = CryptanalysisUITests;
			productReference = 56F2F2A11CE2FA54007A4C7B /* CryptanalysisUITests.xctest */;
			productType = "com.apple.product-type.bundle.ui-testing";
		};
/* End PBXNativeTarget section */

/* Begin PBXProject section */
		56F2F2781CE2FA54007A4C7B /* Project object */ = {
			isa = PBXProject;
			attributes = {
				LastSwiftUpdateCheck = 0730;
				LastUpgradeCheck = 0730;
				ORGANIZATIONNAME = "steven lee";
				TargetAttributes = {
					56F2F27F1CE2FA54007A4C7B = {
						CreatedOnToolsVersion = 7.3.1;
						DevelopmentTeam = DYJ28ZKE78;
					};
					56F2F2951CE2FA54007A4C7B = {
						CreatedOnToolsVersion = 7.3.1;
						TestTargetID = 56F2F27F1CE2FA54007A4C7B;
					};
					56F2F2A01CE2FA54007A4C7B = {
						CreatedOnToolsVersion = 7.3.1;
						TestTargetID = 56F2F27F1CE2FA54007A4C7B;
					};
				};
			};
			buildConfigurationList = 56F2F27B1CE2FA54007A4C7B /* Build configuration list for PBXProject "Cryptanalysis" */;
			compatibilityVersion = "Xcode 3.2";
			developmentRegion = English;
			hasScannedForEncodings = 0;
			knownRegions = (
				en,
				Base,
			);
			mainGroup = 56F2F2771CE2FA54007A4C7B;
			productRefGroup = 56F2F2811CE2FA54007A4C7B /* Products */;
			projectDirPath = "";
			projectReferences = (
				{
					ProductGroup = 561F08DF1D0C652900B9A155 /* Products */;
					ProjectRef = 561F08DE1D0C652900B9A155 /* Charts.xcodeproj */;
				},
				{
					ProductGroup = 568862FE1D23D034006F0E5B /* Products */;
					ProjectRef = 568862FD1D23D034006F0E5B /* Charts.xcodeproj */;
				},
			);
			projectRoot = "";
			targets = (
				56F2F27F1CE2FA54007A4C7B /* Cryptanalysis */,
				56F2F2951CE2FA54007A4C7B /* CryptanalysisTests */,
				56F2F2A01CE2FA54007A4C7B /* CryptanalysisUITests */,
			);
		};
/* End PBXProject section */

/* Begin PBXReferenceProxy section */
		561F08E61D0C652900B9A155 /* Charts.framework */ = {
			isa = PBXReferenceProxy;
			fileType = wrapper.framework;
			path = Charts.framework;
			remoteRef = 561F08E51D0C652900B9A155 /* PBXContainerItemProxy */;
			sourceTree = BUILT_PRODUCTS_DIR;
		};
		561F08E81D0C652900B9A155 /* Charts.framework */ = {
			isa = PBXReferenceProxy;
			fileType = wrapper.framework;
			path = Charts.framework;
			remoteRef = 561F08E71D0C652900B9A155 /* PBXContainerItemProxy */;
			sourceTree = BUILT_PRODUCTS_DIR;
		};
		561F08EA1D0C652900B9A155 /* Charts.framework */ = {
			isa = PBXReferenceProxy;
			fileType = wrapper.framework;
			path = Charts.framework;
			remoteRef = 561F08E91D0C652900B9A155 /* PBXContainerItemProxy */;
			sourceTree = BUILT_PRODUCTS_DIR;
		};
		561F08EC1D0C652900B9A155 /* ChartsTests.xctest */ = {
			isa = PBXReferenceProxy;
			fileType = wrapper.cfbundle;
			path = ChartsTests.xctest;
			remoteRef = 561F08EB1D0C652900B9A155 /* PBXContainerItemProxy */;
			sourceTree = BUILT_PRODUCTS_DIR;
		};
		568863081D23D035006F0E5B /* Charts.framework */ = {
			isa = PBXReferenceProxy;
			fileType = wrapper.framework;
			path = Charts.framework;
			remoteRef = 568863071D23D035006F0E5B /* PBXContainerItemProxy */;
			sourceTree = BUILT_PRODUCTS_DIR;
		};
		5688630A1D23D035006F0E5B /* Charts.framework */ = {
			isa = PBXReferenceProxy;
			fileType = wrapper.framework;
			path = Charts.framework;
			remoteRef = 568863091D23D035006F0E5B /* PBXContainerItemProxy */;
			sourceTree = BUILT_PRODUCTS_DIR;
		};
		5688630C1D23D035006F0E5B /* Charts.framework */ = {
			isa = PBXReferenceProxy;
			fileType = wrapper.framework;
			path = Charts.framework;
			remoteRef = 5688630B1D23D035006F0E5B /* PBXContainerItemProxy */;
			sourceTree = BUILT_PRODUCTS_DIR;
		};
		5688630E1D23D035006F0E5B /* ChartsTests.xctest */ = {
			isa = PBXReferenceProxy;
			fileType = wrapper.cfbundle;
			path = ChartsTests.xctest;
			remoteRef = 5688630D1D23D035006F0E5B /* PBXContainerItemProxy */;
			sourceTree = BUILT_PRODUCTS_DIR;
		};
/* End PBXReferenceProxy section */

/* Begin PBXResourcesBuildPhase section */
		56F2F27E1CE2FA54007A4C7B /* Resources */ = {
			isa = PBXResourcesBuildPhase;
			buildActionMask = 2147483647;
			files = (
				56F2F2901CE2FA54007A4C7B /* LaunchScreen.storyboard in Resources */,
				56F2F28D1CE2FA54007A4C7B /* Assets.xcassets in Resources */,
				56F2F28B1CE2FA54007A4C7B /* Main.storyboard in Resources */,
				5679F51F1D0FD1E900B88094 /* Charts in Resources */,
			);
			runOnlyForDeploymentPostprocessing = 0;
		};
		56F2F2941CE2FA54007A4C7B /* Resources */ = {
			isa = PBXResourcesBuildPhase;
			buildActionMask = 2147483647;
			files = (
			);
			runOnlyForDeploymentPostprocessing = 0;
		};
		56F2F29F1CE2FA54007A4C7B /* Resources */ = {
			isa = PBXResourcesBuildPhase;
			buildActionMask = 2147483647;
			files = (
			);
			runOnlyForDeploymentPostprocessing = 0;
		};
/* End PBXResourcesBuildPhase section */

/* Begin PBXSourcesBuildPhase section */
		56F2F27C1CE2FA54007A4C7B /* Sources */ = {
			isa = PBXSourcesBuildPhase;
			buildActionMask = 2147483647;
			files = (
				56F2F2881CE2FA54007A4C7B /* StatisticalViewController.swift in Sources */,
				56F2F2841CE2FA54007A4C7B /* AppDelegate.swift in Sources */,
				56E22FBE1D0D2AED00E16DF8 /* StasticalModel.swift in Sources */,
				56F2F2861CE2FA54007A4C7B /* InputViewController.swift in Sources */,
				56F2F2B41CE32269007A4C7B /* ResultViewController.swift in Sources */,
				8F01D9181D48BD2600294942 /* ShiftDecryptionModel.swift in Sources */,
				8F631A961D48A68A00BE82DB /* AffineDecryptionModel.swift in Sources */,
				565507B91D0BDFCF0054FB95 /* DecryptViewController.swift in Sources */,
				8F01D9121D48BD1800294942 /* TranpositionDecryptionModel.swift in Sources */,
				565507BB1D0BE8C50054FB95 /* MonoDecryptionViewContoller.swift in Sources */,
				8F631A901D489FFC00BE82DB /* QuizModel.swift in Sources */,
				565507BD1D0BE8E20054FB95 /* PolyDecryptionViewController.swift in Sources */,
				56180FB71D0E68E800FE8FFF /* GraphViewController.swift in Sources */,
				565507C11D0BECE40054FB95 /* PolyDecryptionModel.swift in Sources */,
				565507BF1D0BECD00054FB95 /* MonoDecryptionModel.swift in Sources */,
				8F01D91A1D48BD5C00294942 /* PlayfairDecryptionModel.swift in Sources */,
				56180FBC1D0E6B4B00FE8FFF /* InformationViewController.swift in Sources */,
			);
			runOnlyForDeploymentPostprocessing = 0;
		};
		56F2F2921CE2FA54007A4C7B /* Sources */ = {
			isa = PBXSourcesBuildPhase;
			buildActionMask = 2147483647;
			files = (
				56F2F29B1CE2FA54007A4C7B /* CryptanalysisTests.swift in Sources */,
			);
			runOnlyForDeploymentPostprocessing = 0;
		};
		56F2F29D1CE2FA54007A4C7B /* Sources */ = {
			isa = PBXSourcesBuildPhase;
			buildActionMask = 2147483647;
			files = (
				56F2F2A61CE2FA54007A4C7B /* CryptanalysisUITests.swift in Sources */,
			);
			runOnlyForDeploymentPostprocessing = 0;
		};
/* End PBXSourcesBuildPhase section */

/* Begin PBXTargetDependency section */
		568863121D23D043006F0E5B /* PBXTargetDependency */ = {
			isa = PBXTargetDependency;
			name = "Charts-iOS";
			targetProxy = 568863111D23D043006F0E5B /* PBXContainerItemProxy */;
		};
		56F2F2981CE2FA54007A4C7B /* PBXTargetDependency */ = {
			isa = PBXTargetDependency;
			target = 56F2F27F1CE2FA54007A4C7B /* Cryptanalysis */;
			targetProxy = 56F2F2971CE2FA54007A4C7B /* PBXContainerItemProxy */;
		};
		56F2F2A31CE2FA54007A4C7B /* PBXTargetDependency */ = {
			isa = PBXTargetDependency;
			target = 56F2F27F1CE2FA54007A4C7B /* Cryptanalysis */;
			targetProxy = 56F2F2A21CE2FA54007A4C7B /* PBXContainerItemProxy */;
		};
/* End PBXTargetDependency section */

/* Begin PBXVariantGroup section */
		56F2F2891CE2FA54007A4C7B /* Main.storyboard */ = {
			isa = PBXVariantGroup;
			children = (
				56F2F28A1CE2FA54007A4C7B /* Base */,
			);
			name = Main.storyboard;
			sourceTree = "<group>";
		};
		56F2F28E1CE2FA54007A4C7B /* LaunchScreen.storyboard */ = {
			isa = PBXVariantGroup;
			children = (
				56F2F28F1CE2FA54007A4C7B /* Base */,
			);
			name = LaunchScreen.storyboard;
			sourceTree = "<group>";
		};
/* End PBXVariantGroup section */

/* Begin XCBuildConfiguration section */
		56F2F2A81CE2FA54007A4C7B /* Debug */ = {
			isa = XCBuildConfiguration;
			buildSettings = {
				ALWAYS_SEARCH_USER_PATHS = NO;
				CLANG_ANALYZER_NONNULL = YES;
				CLANG_CXX_LANGUAGE_STANDARD = "gnu++0x";
				CLANG_CXX_LIBRARY = "libc++";
				CLANG_ENABLE_MODULES = YES;
				CLANG_ENABLE_OBJC_ARC = YES;
				CLANG_WARN_BOOL_CONVERSION = YES;
				CLANG_WARN_CONSTANT_CONVERSION = YES;
				CLANG_WARN_DIRECT_OBJC_ISA_USAGE = YES_ERROR;
				CLANG_WARN_EMPTY_BODY = YES;
				CLANG_WARN_ENUM_CONVERSION = YES;
				CLANG_WARN_INT_CONVERSION = YES;
				CLANG_WARN_OBJC_ROOT_CLASS = YES_ERROR;
				CLANG_WARN_UNREACHABLE_CODE = YES;
				CLANG_WARN__DUPLICATE_METHOD_MATCH = YES;
				"CODE_SIGN_IDENTITY[sdk=iphoneos*]" = "iPhone Developer";
				COPY_PHASE_STRIP = NO;
				DEBUG_INFORMATION_FORMAT = dwarf;
				ENABLE_STRICT_OBJC_MSGSEND = YES;
				ENABLE_TESTABILITY = YES;
				GCC_C_LANGUAGE_STANDARD = gnu99;
				GCC_DYNAMIC_NO_PIC = NO;
				GCC_NO_COMMON_BLOCKS = YES;
				GCC_OPTIMIZATION_LEVEL = 0;
				GCC_PREPROCESSOR_DEFINITIONS = (
					"DEBUG=1",
					"$(inherited)",
				);
				GCC_WARN_64_TO_32_BIT_CONVERSION = YES;
				GCC_WARN_ABOUT_RETURN_TYPE = YES_ERROR;
				GCC_WARN_UNDECLARED_SELECTOR = YES;
				GCC_WARN_UNINITIALIZED_AUTOS = YES_AGGRESSIVE;
				GCC_WARN_UNUSED_FUNCTION = YES;
				GCC_WARN_UNUSED_VARIABLE = YES;
				IPHONEOS_DEPLOYMENT_TARGET = 9.3;
				MTL_ENABLE_DEBUG_INFO = YES;
				ONLY_ACTIVE_ARCH = YES;
				SDKROOT = iphoneos;
				SWIFT_OPTIMIZATION_LEVEL = "-Onone";
				TARGETED_DEVICE_FAMILY = "1,2";
			};
			name = Debug;
		};
		56F2F2A91CE2FA54007A4C7B /* Release */ = {
			isa = XCBuildConfiguration;
			buildSettings = {
				ALWAYS_SEARCH_USER_PATHS = NO;
				CLANG_ANALYZER_NONNULL = YES;
				CLANG_CXX_LANGUAGE_STANDARD = "gnu++0x";
				CLANG_CXX_LIBRARY = "libc++";
				CLANG_ENABLE_MODULES = YES;
				CLANG_ENABLE_OBJC_ARC = YES;
				CLANG_WARN_BOOL_CONVERSION = YES;
				CLANG_WARN_CONSTANT_CONVERSION = YES;
				CLANG_WARN_DIRECT_OBJC_ISA_USAGE = YES_ERROR;
				CLANG_WARN_EMPTY_BODY = YES;
				CLANG_WARN_ENUM_CONVERSION = YES;
				CLANG_WARN_INT_CONVERSION = YES;
				CLANG_WARN_OBJC_ROOT_CLASS = YES_ERROR;
				CLANG_WARN_UNREACHABLE_CODE = YES;
				CLANG_WARN__DUPLICATE_METHOD_MATCH = YES;
				"CODE_SIGN_IDENTITY[sdk=iphoneos*]" = "iPhone Developer";
				COPY_PHASE_STRIP = NO;
				DEBUG_INFORMATION_FORMAT = "dwarf-with-dsym";
				ENABLE_NS_ASSERTIONS = NO;
				ENABLE_STRICT_OBJC_MSGSEND = YES;
				GCC_C_LANGUAGE_STANDARD = gnu99;
				GCC_NO_COMMON_BLOCKS = YES;
				GCC_WARN_64_TO_32_BIT_CONVERSION = YES;
				GCC_WARN_ABOUT_RETURN_TYPE = YES_ERROR;
				GCC_WARN_UNDECLARED_SELECTOR = YES;
				GCC_WARN_UNINITIALIZED_AUTOS = YES_AGGRESSIVE;
				GCC_WARN_UNUSED_FUNCTION = YES;
				GCC_WARN_UNUSED_VARIABLE = YES;
				IPHONEOS_DEPLOYMENT_TARGET = 9.3;
				MTL_ENABLE_DEBUG_INFO = NO;
				SDKROOT = iphoneos;
				TARGETED_DEVICE_FAMILY = "1,2";
				VALIDATE_PRODUCT = YES;
			};
			name = Release;
		};
		56F2F2AB1CE2FA54007A4C7B /* Debug */ = {
			isa = XCBuildConfiguration;
			buildSettings = {
				ASSETCATALOG_COMPILER_APPICON_NAME = AppIcon;
				CODE_SIGN_IDENTITY = "iPhone Developer";
				"CODE_SIGN_IDENTITY[sdk=iphoneos*]" = "iPhone Developer";
				EMBEDDED_CONTENT_CONTAINS_SWIFT = YES;
				INFOPLIST_FILE = Cryptanalysis/Info.plist;
				LD_RUNPATH_SEARCH_PATHS = "$(inherited) @executable_path/Frameworks";
				PRODUCT_BUNDLE_IDENTIFIER = none.Cryptanalysis;
				PRODUCT_NAME = "$(TARGET_NAME)";
				PROVISIONING_PROFILE = "";
			};
			name = Debug;
		};
		56F2F2AC1CE2FA54007A4C7B /* Release */ = {
			isa = XCBuildConfiguration;
			buildSettings = {
				ASSETCATALOG_COMPILER_APPICON_NAME = AppIcon;
				CODE_SIGN_IDENTITY = "iPhone Developer";
				"CODE_SIGN_IDENTITY[sdk=iphoneos*]" = "iPhone Developer";
				EMBEDDED_CONTENT_CONTAINS_SWIFT = YES;
				INFOPLIST_FILE = Cryptanalysis/Info.plist;
				LD_RUNPATH_SEARCH_PATHS = "$(inherited) @executable_path/Frameworks";
				PRODUCT_BUNDLE_IDENTIFIER = none.Cryptanalysis;
				PRODUCT_NAME = "$(TARGET_NAME)";
				PROVISIONING_PROFILE = "";
			};
			name = Release;
		};
		56F2F2AE1CE2FA54007A4C7B /* Debug */ = {
			isa = XCBuildConfiguration;
			buildSettings = {
				BUNDLE_LOADER = "$(TEST_HOST)";
				INFOPLIST_FILE = CryptanalysisTests/Info.plist;
				LD_RUNPATH_SEARCH_PATHS = "$(inherited) @executable_path/Frameworks @loader_path/Frameworks";
				PRODUCT_BUNDLE_IDENTIFIER = none.CryptanalysisTests;
				PRODUCT_NAME = "$(TARGET_NAME)";
				TEST_HOST = "$(BUILT_PRODUCTS_DIR)/Cryptanalysis.app/Cryptanalysis";
			};
			name = Debug;
		};
		56F2F2AF1CE2FA54007A4C7B /* Release */ = {
			isa = XCBuildConfiguration;
			buildSettings = {
				BUNDLE_LOADER = "$(TEST_HOST)";
				INFOPLIST_FILE = CryptanalysisTests/Info.plist;
				LD_RUNPATH_SEARCH_PATHS = "$(inherited) @executable_path/Frameworks @loader_path/Frameworks";
				PRODUCT_BUNDLE_IDENTIFIER = none.CryptanalysisTests;
				PRODUCT_NAME = "$(TARGET_NAME)";
				TEST_HOST = "$(BUILT_PRODUCTS_DIR)/Cryptanalysis.app/Cryptanalysis";
			};
			name = Release;
		};
		56F2F2B11CE2FA54007A4C7B /* Debug */ = {
			isa = XCBuildConfiguration;
			buildSettings = {
				INFOPLIST_FILE = CryptanalysisUITests/Info.plist;
				LD_RUNPATH_SEARCH_PATHS = "$(inherited) @executable_path/Frameworks @loader_path/Frameworks";
				PRODUCT_BUNDLE_IDENTIFIER = none.CryptanalysisUITests;
				PRODUCT_NAME = "$(TARGET_NAME)";
				TEST_TARGET_NAME = Cryptanalysis;
			};
			name = Debug;
		};
		56F2F2B21CE2FA54007A4C7B /* Release */ = {
			isa = XCBuildConfiguration;
			buildSettings = {
				INFOPLIST_FILE = CryptanalysisUITests/Info.plist;
				LD_RUNPATH_SEARCH_PATHS = "$(inherited) @executable_path/Frameworks @loader_path/Frameworks";
				PRODUCT_BUNDLE_IDENTIFIER = none.CryptanalysisUITests;
				PRODUCT_NAME = "$(TARGET_NAME)";
				TEST_TARGET_NAME = Cryptanalysis;
			};
			name = Release;
		};
/* End XCBuildConfiguration section */

/* Begin XCConfigurationList section */
		56F2F27B1CE2FA54007A4C7B /* Build configuration list for PBXProject "Cryptanalysis" */ = {
			isa = XCConfigurationList;
			buildConfigurations = (
				56F2F2A81CE2FA54007A4C7B /* Debug */,
				56F2F2A91CE2FA54007A4C7B /* Release */,
			);
			defaultConfigurationIsVisible = 0;
			defaultConfigurationName = Release;
		};
		56F2F2AA1CE2FA54007A4C7B /* Build configuration list for PBXNativeTarget "Cryptanalysis" */ = {
			isa = XCConfigurationList;
			buildConfigurations = (
				56F2F2AB1CE2FA54007A4C7B /* Debug */,
				56F2F2AC1CE2FA54007A4C7B /* Release */,
			);
			defaultConfigurationIsVisible = 0;
			defaultConfigurationName = Release;
		};
		56F2F2AD1CE2FA54007A4C7B /* Build configuration list for PBXNativeTarget "CryptanalysisTests" */ = {
			isa = XCConfigurationList;
			buildConfigurations = (
				56F2F2AE1CE2FA54007A4C7B /* Debug */,
				56F2F2AF1CE2FA54007A4C7B /* Release */,
			);
			defaultConfigurationIsVisible = 0;
			defaultConfigurationName = Release;
		};
		56F2F2B01CE2FA54007A4C7B /* Build configuration list for PBXNativeTarget "CryptanalysisUITests" */ = {
			isa = XCConfigurationList;
			buildConfigurations = (
				56F2F2B11CE2FA54007A4C7B /* Debug */,
				56F2F2B21CE2FA54007A4C7B /* Release */,
			);
			defaultConfigurationIsVisible = 0;
			defaultConfigurationName = Release;
		};
/* End XCConfigurationList section */
	};
	rootObject = 56F2F2781CE2FA54007A4C7B /* Project object */;
}
